
Microsoft Visual Studio Solution File, Format Version 12.00
# Visual Studio Version 17
VisualStudioVersion = 17.10.35004.147
MinimumVisualStudioVersion = 10.0.40219.1
Project("{FAE04EC0-301F-11D3-BF4B-00C04F79EFBC}") = "WebDienTu", "WebDienTu\WebDienTu.csproj", "{9434D1D8-98DB-47B9-B97E-2EEB870381E0}"
EndProject
Global
	GlobalSection(SolutionConfigurationPlatforms) = preSolution
		Debug|Any CPU = Debug|Any CPU
		Release|Any CPU = Release|Any CPU
	EndGlobalSection
	GlobalSection(ProjectConfigurationPlatforms) = postSolution
		{9434D1D8-98DB-47B9-B97E-2EEB870381E0}.Debug|Any CPU.ActiveCfg = Debug|Any CPU
		{9434D1D8-98DB-47B9-B97E-2EEB870381E0}.Debug|Any CPU.Build.0 = Debug|Any CPU
		{9434D1D8-98DB-47B9-B97E-2EEB870381E0}.Release|Any CPU.ActiveCfg = Release|Any CPU
		{9434D1D8-98DB-47B9-B97E-2EEB870381E0}.Release|Any CPU.Build.0 = Release|Any CPU
	EndGlobalSection
	GlobalSection(SolutionProperties) = preSolution
		HideSolutionNode = FALSE
	EndGlobalSection
	GlobalSection(ExtensibilityGlobals) = postSolution
		SolutionGuid = {87DB6CDF-0BF3-4530-9D17-CCAC16952312}
	EndGlobalSection
EndGlobal
